
Microsoft Visual Studio Solution File, Format Version 12.00
# Visual Studio Version 17
VisualStudioVersion = 17.7.34031.279
MinimumVisualStudioVersion = 10.0.40219.1
Project("{9A19103F-16F7-4668-BE54-9A1E7A4F7556}") = "ScreenSound", "ScreenSound.04\ScreenSound.csproj", "{4E33F854-3440-447F-BA97-414244B5BC96}"
EndProject
Global
	GlobalSection(SolutionConfigurationPlatforms) = preSolution
		Debug|Any CPU = Debug|Any CPU
		Release|Any CPU = Release|Any CPU
	EndGlobalSection
	GlobalSection(ProjectConfigurationPlatforms) = postSolution
		{4E33F854-3440-447F-BA97-414244B5BC96}.Debug|Any CPU.ActiveCfg = Debug|Any CPU
		{4E33F854-3440-447F-BA97-414244B5BC96}.Debug|Any CPU.Build.0 = Debug|Any CPU
		{4E33F854-3440-447F-BA97-414244B5BC96}.Release|Any CPU.ActiveCfg = Release|Any CPU
		{4E33F854-3440-447F-BA97-414244B5BC96}.Release|Any CPU.Build.0 = Release|Any CPU
	EndGlobalSection
	GlobalSection(SolutionProperties) = preSolution
		HideSolutionNode = FALSE
	EndGlobalSection
	GlobalSection(ExtensibilityGlobals) = postSolution
		SolutionGuid = {31BD6954-5B6A-4D1F-A43A-91925C88F9FE}
	EndGlobalSection
EndGlobal
